// !$*UTF8*$!
{
	archiveVersion = 1;
	classes = {
	};
	objectVersion = 50;
	objects = {

/* Begin PBXBuildFile section */
		F935E0BD257B9F9C005FCFD9 /* Constants.swift in Sources */ = {isa = PBXBuildFile; fileRef = F935E0BC257B9F9C005FCFD9 /* Constants.swift */; };
		F9F55773257789E400CA0DAE /* AppDelegate.swift in Sources */ = {isa = PBXBuildFile; fileRef = F9F55772257789E400CA0DAE /* AppDelegate.swift */; };
		F9F55775257789E400CA0DAE /* SceneDelegate.swift in Sources */ = {isa = PBXBuildFile; fileRef = F9F55774257789E400CA0DAE /* SceneDelegate.swift */; };
		F9F55777257789E400CA0DAE /* StartViewController.swift in Sources */ = {isa = PBXBuildFile; fileRef = F9F55776257789E400CA0DAE /* StartViewController.swift */; };
		F9F5577A257789E400CA0DAE /* Main.storyboard in Resources */ = {isa = PBXBuildFile; fileRef = F9F55778257789E400CA0DAE /* Main.storyboard */; };
		F9F5577D257789E400CA0DAE /* AutoParking.xcdatamodeld in Sources */ = {isa = PBXBuildFile; fileRef = F9F5577B257789E400CA0DAE /* AutoParking.xcdatamodeld */; };
		F9F5577F257789E600CA0DAE /* Assets.xcassets in Resources */ = {isa = PBXBuildFile; fileRef = F9F5577E257789E600CA0DAE /* Assets.xcassets */; };
		F9F55782257789E600CA0DAE /* LaunchScreen.storyboard in Resources */ = {isa = PBXBuildFile; fileRef = F9F55780257789E600CA0DAE /* LaunchScreen.storyboard */; };
		F9F5579225778F6000CA0DAE /* NumbersViewController.swift in Sources */ = {isa = PBXBuildFile; fileRef = F9F5579125778F6000CA0DAE /* NumbersViewController.swift */; };
		F9F557952577936700CA0DAE /* SessionData.swift in Sources */ = {isa = PBXBuildFile; fileRef = F9F557942577936700CA0DAE /* SessionData.swift */; };
		F9F557982577938100CA0DAE /* LPRData.swift in Sources */ = {isa = PBXBuildFile; fileRef = F9F557972577938100CA0DAE /* LPRData.swift */; };
		F9F5579B257795AC00CA0DAE /* ConnectionManager.swift in Sources */ = {isa = PBXBuildFile; fileRef = F9F5579A257795AC00CA0DAE /* ConnectionManager.swift */; };
		F9F5579F2577D50900CA0DAE /* SessionModel.swift in Sources */ = {isa = PBXBuildFile; fileRef = F9F5579E2577D50900CA0DAE /* SessionModel.swift */; };
		F9F557A225781B3600CA0DAE /* LPRModel.swift in Sources */ = {isa = PBXBuildFile; fileRef = F9F557A125781B3600CA0DAE /* LPRModel.swift */; };
/* End PBXBuildFile section */

/* Begin PBXFileReference section */
		F935E0BC257B9F9C005FCFD9 /* Constants.swift */ = {isa = PBXFileReference; lastKnownFileType = sourcecode.swift; path = Constants.swift; sourceTree = "<group>"; };
		F9F5576F257789E400CA0DAE /* AutoParking.app */ = {isa = PBXFileReference; explicitFileType = wrapper.application; includeInIndex = 0; path = AutoParking.app; sourceTree = BUILT_PRODUCTS_DIR; };
		F9F55772257789E400CA0DAE /* AppDelegate.swift */ = {isa = PBXFileReference; lastKnownFileType = sourcecode.swift; path = AppDelegate.swift; sourceTree = "<group>"; };
		F9F55774257789E400CA0DAE /* SceneDelegate.swift */ = {isa = PBXFileReference; lastKnownFileType = sourcecode.swift; path = SceneDelegate.swift; sourceTree = "<group>"; };
		F9F55776257789E400CA0DAE /* StartViewController.swift */ = {isa = PBXFileReference; lastKnownFileType = sourcecode.swift; path = StartViewController.swift; sourceTree = "<group>"; };
		F9F55779257789E400CA0DAE /* Base */ = {isa = PBXFileReference; lastKnownFileType = file.storyboard; name = Base; path = Base.lproj/Main.storyboard; sourceTree = "<group>"; };
		F9F5577C257789E400CA0DAE /* AutoParking.xcdatamodel */ = {isa = PBXFileReference; lastKnownFileType = wrapper.xcdatamodel; path = AutoParking.xcdatamodel; sourceTree = "<group>"; };
		F9F5577E257789E600CA0DAE /* Assets.xcassets */ = {isa = PBXFileReference; lastKnownFileType = folder.assetcatalog; path = Assets.xcassets; sourceTree = "<group>"; };
		F9F55781257789E600CA0DAE /* Base */ = {isa = PBXFileReference; lastKnownFileType = file.storyboard; name = Base; path = Base.lproj/LaunchScreen.storyboard; sourceTree = "<group>"; };
		F9F55783257789E600CA0DAE /* Info.plist */ = {isa = PBXFileReference; lastKnownFileType = text.plist.xml; path = Info.plist; sourceTree = "<group>"; };
		F9F5579125778F6000CA0DAE /* NumbersViewController.swift */ = {isa = PBXFileReference; lastKnownFileType = sourcecode.swift; path = NumbersViewController.swift; sourceTree = "<group>"; };
		F9F557942577936700CA0DAE /* SessionData.swift */ = {isa = PBXFileReference; lastKnownFileType = sourcecode.swift; path = SessionData.swift; sourceTree = "<group>"; };
		F9F557972577938100CA0DAE /* LPRData.swift */ = {isa = PBXFileReference; lastKnownFileType = sourcecode.swift; path = LPRData.swift; sourceTree = "<group>"; };
		F9F5579A257795AC00CA0DAE /* ConnectionManager.swift */ = {isa = PBXFileReference; lastKnownFileType = sourcecode.swift; path = ConnectionManager.swift; sourceTree = "<group>"; };
		F9F5579E2577D50900CA0DAE /* SessionModel.swift */ = {isa = PBXFileReference; lastKnownFileType = sourcecode.swift; path = SessionModel.swift; sourceTree = "<group>"; };
		F9F557A125781B3600CA0DAE /* LPRModel.swift */ = {isa = PBXFileReference; lastKnownFileType = sourcecode.swift; path = LPRModel.swift; sourceTree = "<group>"; };
/* End PBXFileReference section */

/* Begin PBXFrameworksBuildPhase section */
		F9F5576C257789E400CA0DAE /* Frameworks */ = {
			isa = PBXFrameworksBuildPhase;
			buildActionMask = 2147483647;
			files = (
			);
			runOnlyForDeploymentPostprocessing = 0;
		};
/* End PBXFrameworksBuildPhase section */

/* Begin PBXGroup section */
		F9F55766257789E400CA0DAE = {
			isa = PBXGroup;
			children = (
				F9F55771257789E400CA0DAE /* AutoParking */,
				F9F55770257789E400CA0DAE /* Products */,
			);
			sourceTree = "<group>";
		};
		F9F55770257789E400CA0DAE /* Products */ = {
			isa = PBXGroup;
			children = (
				F9F5576F257789E400CA0DAE /* AutoParking.app */,
			);
			name = Products;
			sourceTree = "<group>";
		};
		F9F55771257789E400CA0DAE /* AutoParking */ = {
			isa = PBXGroup;
			children = (
				F9F55772257789E400CA0DAE /* AppDelegate.swift */,
				F9F55774257789E400CA0DAE /* SceneDelegate.swift */,
				F9F5578A25778A3D00CA0DAE /* Model */,
				F9F5578B25778A4900CA0DAE /* View */,
				F9F5578C25778A5200CA0DAE /* Controller */,
				F9F5578E25778A9100CA0DAE /* Supporting Files */,
				F9F55783257789E600CA0DAE /* Info.plist */,
			);
			path = AutoParking;
			sourceTree = "<group>";
		};
		F9F5578A25778A3D00CA0DAE /* Model */ = {
			isa = PBXGroup;
			children = (
				F9F5577B257789E400CA0DAE /* AutoParking.xcdatamodeld */,
				F9F5579A257795AC00CA0DAE /* ConnectionManager.swift */,
				F9F557972577938100CA0DAE /* LPRData.swift */,
				F9F557A125781B3600CA0DAE /* LPRModel.swift */,
				F9F557942577936700CA0DAE /* SessionData.swift */,
				F9F5579E2577D50900CA0DAE /* SessionModel.swift */,
				F935E0BC257B9F9C005FCFD9 /* Constants.swift */,
			);
			path = Model;
			sourceTree = "<group>";
		};
		F9F5578B25778A4900CA0DAE /* View */ = {
			isa = PBXGroup;
			children = (
				F9F55778257789E400CA0DAE /* Main.storyboard */,
			);
			path = View;
			sourceTree = "<group>";
		};
		F9F5578C25778A5200CA0DAE /* Controller */ = {
			isa = PBXGroup;
			children = (
				F9F55776257789E400CA0DAE /* StartViewController.swift */,
				F9F5579125778F6000CA0DAE /* NumbersViewController.swift */,
			);
			path = Controller;
			sourceTree = "<group>";
		};
		F9F5578E25778A9100CA0DAE /* Supporting Files */ = {
			isa = PBXGroup;
			children = (
				F9F5577E257789E600CA0DAE /* Assets.xcassets */,
				F9F55780257789E600CA0DAE /* LaunchScreen.storyboard */,
			);
			path = "Supporting Files";
			sourceTree = "<group>";
		};
/* End PBXGroup section */

/* Begin PBXNativeTarget section */
		F9F5576E257789E400CA0DAE /* AutoParking */ = {
			isa = PBXNativeTarget;
			buildConfigurationList = F9F55786257789E600CA0DAE /* Build configuration list for PBXNativeTarget "AutoParking" */;
			buildPhases = (
				F9F5576B257789E400CA0DAE /* Sources */,
				F9F5576C257789E400CA0DAE /* Frameworks */,
				F9F5576D257789E400CA0DAE /* Resources */,
			);
			buildRules = (
			);
			dependencies = (
			);
			name = AutoParking;
			productName = AutoParking;
			productReference = F9F5576F257789E400CA0DAE /* AutoParking.app */;
			productType = "com.apple.product-type.application";
		};
/* End PBXNativeTarget section */

/* Begin PBXProject section */
		F9F55767257789E400CA0DAE /* Project object */ = {
			isa = PBXProject;
			attributes = {
				LastSwiftUpdateCheck = 1220;
				LastUpgradeCheck = 1220;
				TargetAttributes = {
					F9F5576E257789E400CA0DAE = {
						CreatedOnToolsVersion = 12.2;
					};
				};
			};
			buildConfigurationList = F9F5576A257789E400CA0DAE /* Build configuration list for PBXProject "AutoParking" */;
			compatibilityVersion = "Xcode 9.3";
			developmentRegion = en;
			hasScannedForEncodings = 0;
			knownRegions = (
				en,
				Base,
			);
			mainGroup = F9F55766257789E400CA0DAE;
			productRefGroup = F9F55770257789E400CA0DAE /* Products */;
			projectDirPath = "";
			projectRoot = "";
			targets = (
				F9F5576E257789E400CA0DAE /* AutoParking */,
			);
		};
/* End PBXProject section */

/* Begin PBXResourcesBuildPhase section */
		F9F5576D257789E400CA0DAE /* Resources */ = {
			isa = PBXResourcesBuildPhase;
			buildActionMask = 2147483647;
			files = (
				F9F55782257789E600CA0DAE /* LaunchScreen.storyboard in Resources */,
				F9F5577F257789E600CA0DAE /* Assets.xcassets in Resources */,
				F9F5577A257789E400CA0DAE /* Main.storyboard in Resources */,
			);
			runOnlyForDeploymentPostprocessing = 0;
		};
/* End PBXResourcesBuildPhase section */

/* Begin PBXSourcesBuildPhase section */
		F9F5576B257789E400CA0DAE /* Sources */ = {
			isa = PBXSourcesBuildPhase;
			buildActionMask = 2147483647;
			files = (
				F9F55777257789E400CA0DAE /* StartViewController.swift in Sources */,
				F935E0BD257B9F9C005FCFD9 /* Constants.swift in Sources */,
				F9F557982577938100CA0DAE /* LPRData.swift in Sources */,
				F9F557A225781B3600CA0DAE /* LPRModel.swift in Sources */,
				F9F5579F2577D50900CA0DAE /* SessionModel.swift in Sources */,
				F9F5579225778F6000CA0DAE /* NumbersViewController.swift in Sources */,
				F9F5577D257789E400CA0DAE /* AutoParking.xcdatamodeld in Sources */,
				F9F55773257789E400CA0DAE /* AppDelegate.swift in Sources */,
				F9F557952577936700CA0DAE /* SessionData.swift in Sources */,
				F9F5579B257795AC00CA0DAE /* ConnectionManager.swift in Sources */,
				F9F55775257789E400CA0DAE /* SceneDelegate.swift in Sources */,
			);
			runOnlyForDeploymentPostprocessing = 0;
		};
/* End PBXSourcesBuildPhase section */

/* Begin PBXVariantGroup section */
		F9F55778257789E400CA0DAE /* Main.storyboard */ = {
			isa = PBXVariantGroup;
			children = (
				F9F55779257789E400CA0DAE /* Base */,
			);
			name = Main.storyboard;
			sourceTree = "<group>";
		};
		F9F55780257789E600CA0DAE /* LaunchScreen.storyboard */ = {
			isa = PBXVariantGroup;
			children = (
				F9F55781257789E600CA0DAE /* Base */,
			);
			name = LaunchScreen.storyboard;
			sourceTree = "<group>";
		};
/* End PBXVariantGroup section */

/* Begin XCBuildConfiguration section */
		F9F55784257789E600CA0DAE /* Debug */ = {
			isa = XCBuildConfiguration;
			buildSettings = {
				ALWAYS_SEARCH_USER_PATHS = NO;
				CLANG_ANALYZER_NONNULL = YES;
				CLANG_ANALYZER_NUMBER_OBJECT_CONVERSION = YES_AGGRESSIVE;
				CLANG_CXX_LANGUAGE_STANDARD = "gnu++14";
				CLANG_CXX_LIBRARY = "libc++";
				CLANG_ENABLE_MODULES = YES;
				CLANG_ENABLE_OBJC_ARC = YES;
				CLANG_ENABLE_OBJC_WEAK = YES;
				CLANG_WARN_BLOCK_CAPTURE_AUTORELEASING = YES;
				CLANG_WARN_BOOL_CONVERSION = YES;
				CLANG_WARN_COMMA = YES;
				CLANG_WARN_CONSTANT_CONVERSION = YES;
				CLANG_WARN_DEPRECATED_OBJC_IMPLEMENTATIONS = YES;
				CLANG_WARN_DIRECT_OBJC_ISA_USAGE = YES_ERROR;
				CLANG_WARN_DOCUMENTATION_COMMENTS = YES;
				CLANG_WARN_EMPTY_BODY = YES;
				CLANG_WARN_ENUM_CONVERSION = YES;
				CLANG_WARN_INFINITE_RECURSION = YES;
				CLANG_WARN_INT_CONVERSION = YES;
				CLANG_WARN_NON_LITERAL_NULL_CONVERSION = YES;
				CLANG_WARN_OBJC_IMPLICIT_RETAIN_SELF = YES;
				CLANG_WARN_OBJC_LITERAL_CONVERSION = YES;
				CLANG_WARN_OBJC_ROOT_CLASS = YES_ERROR;
				CLANG_WARN_QUOTED_INCLUDE_IN_FRAMEWORK_HEADER = YES;
				CLANG_WARN_RANGE_LOOP_ANALYSIS = YES;
				CLANG_WARN_STRICT_PROTOTYPES = YES;
				CLANG_WARN_SUSPICIOUS_MOVE = YES;
				CLANG_WARN_UNGUARDED_AVAILABILITY = YES_AGGRESSIVE;
				CLANG_WARN_UNREACHABLE_CODE = YES;
				CLANG_WARN__DUPLICATE_METHOD_MATCH = YES;
				COPY_PHASE_STRIP = NO;
				DEBUG_INFORMATION_FORMAT = dwarf;
				ENABLE_STRICT_OBJC_MSGSEND = YES;
				ENABLE_TESTABILITY = YES;
				GCC_C_LANGUAGE_STANDARD = gnu11;
				GCC_DYNAMIC_NO_PIC = NO;
				GCC_NO_COMMON_BLOCKS = YES;
				GCC_OPTIMIZATION_LEVEL = 0;
				GCC_PREPROCESSOR_DEFINITIONS = (
					"DEBUG=1",
					"$(inherited)",
				);
				GCC_WARN_64_TO_32_BIT_CONVERSION = YES;
				GCC_WARN_ABOUT_RETURN_TYPE = YES_ERROR;
				GCC_WARN_UNDECLARED_SELECTOR = YES;
				GCC_WARN_UNINITIALIZED_AUTOS = YES_AGGRESSIVE;
				GCC_WARN_UNUSED_FUNCTION = YES;
				GCC_WARN_UNUSED_VARIABLE = YES;
				IPHONEOS_DEPLOYMENT_TARGET = 14.2;
				MTL_ENABLE_DEBUG_INFO = INCLUDE_SOURCE;
				MTL_FAST_MATH = YES;
				ONLY_ACTIVE_ARCH = YES;
				SDKROOT = iphoneos;
				SWIFT_ACTIVE_COMPILATION_CONDITIONS = DEBUG;
				SWIFT_OPTIMIZATION_LEVEL = "-Onone";
			};
			name = Debug;
		};
		F9F55785257789E600CA0DAE /* Release */ = {
			isa = XCBuildConfiguration;
			buildSettings = {
				ALWAYS_SEARCH_USER_PATHS = NO;
				CLANG_ANALYZER_NONNULL = YES;
				CLANG_ANALYZER_NUMBER_OBJECT_CONVERSION = YES_AGGRESSIVE;
				CLANG_CXX_LANGUAGE_STANDARD = "gnu++14";
				CLANG_CXX_LIBRARY = "libc++";
				CLANG_ENABLE_MODULES = YES;
				CLANG_ENABLE_OBJC_ARC = YES;
				CLANG_ENABLE_OBJC_WEAK = YES;
				CLANG_WARN_BLOCK_CAPTURE_AUTORELEASING = YES;
				CLANG_WARN_BOOL_CONVERSION = YES;
				CLANG_WARN_COMMA = YES;
				CLANG_WARN_CONSTANT_CONVERSION = YES;
				CLANG_WARN_DEPRECATED_OBJC_IMPLEMENTATIONS = YES;
				CLANG_WARN_DIRECT_OBJC_ISA_USAGE = YES_ERROR;
				CLANG_WARN_DOCUMENTATION_COMMENTS = YES;
				CLANG_WARN_EMPTY_BODY = YES;
				CLANG_WARN_ENUM_CONVERSION = YES;
				CLANG_WARN_INFINITE_RECURSION = YES;
				CLANG_WARN_INT_CONVERSION = YES;
				CLANG_WARN_NON_LITERAL_NULL_CONVERSION = YES;
				CLANG_WARN_OBJC_IMPLICIT_RETAIN_SELF = YES;
				CLANG_WARN_OBJC_LITERAL_CONVERSION = YES;
				CLANG_WARN_OBJC_ROOT_CLASS = YES_ERROR;
				CLANG_WARN_QUOTED_INCLUDE_IN_FRAMEWORK_HEADER = YES;
				CLANG_WARN_RANGE_LOOP_ANALYSIS = YES;
				CLANG_WARN_STRICT_PROTOTYPES = YES;
				CLANG_WARN_SUSPICIOUS_MOVE = YES;
				CLANG_WARN_UNGUARDED_AVAILABILITY = YES_AGGRESSIVE;
				CLANG_WARN_UNREACHABLE_CODE = YES;
				CLANG_WARN__DUPLICATE_METHOD_MATCH = YES;
				COPY_PHASE_STRIP = NO;
				DEBUG_INFORMATION_FORMAT = "dwarf-with-dsym";
				ENABLE_NS_ASSERTIONS = NO;
				ENABLE_STRICT_OBJC_MSGSEND = YES;
				GCC_C_LANGUAGE_STANDARD = gnu11;
				GCC_NO_COMMON_BLOCKS = YES;
				GCC_WARN_64_TO_32_BIT_CONVERSION = YES;
				GCC_WARN_ABOUT_RETURN_TYPE = YES_ERROR;
				GCC_WARN_UNDECLARED_SELECTOR = YES;
				GCC_WARN_UNINITIALIZED_AUTOS = YES_AGGRESSIVE;
				GCC_WARN_UNUSED_FUNCTION = YES;
				GCC_WARN_UNUSED_VARIABLE = YES;
				IPHONEOS_DEPLOYMENT_TARGET = 14.2;
				MTL_ENABLE_DEBUG_INFO = NO;
				MTL_FAST_MATH = YES;
				SDKROOT = iphoneos;
				SWIFT_COMPILATION_MODE = wholemodule;
				SWIFT_OPTIMIZATION_LEVEL = "-O";
				VALIDATE_PRODUCT = YES;
			};
			name = Release;
		};
		F9F55787257789E600CA0DAE /* Debug */ = {
			isa = XCBuildConfiguration;
			buildSettings = {
				ASSETCATALOG_COMPILER_APPICON_NAME = AppIcon;
				ASSETCATALOG_COMPILER_GLOBAL_ACCENT_COLOR_NAME = AccentColor;
				CODE_SIGN_STYLE = Automatic;
				DEVELOPMENT_TEAM = M3KLKPU5J9;
				INFOPLIST_FILE = AutoParking/Info.plist;
				IPHONEOS_DEPLOYMENT_TARGET = 13.6;
				LD_RUNPATH_SEARCH_PATHS = (
					"$(inherited)",
					"@executable_path/Frameworks",
				);
				PRODUCT_BUNDLE_IDENTIFIER = ru.koshmart.AutoParking;
				PRODUCT_NAME = "$(TARGET_NAME)";
				SWIFT_VERSION = 5.0;
				TARGETED_DEVICE_FAMILY = "1,2";
			};
			name = Debug;
		};
		F9F55788257789E600CA0DAE /* Release */ = {
			isa = XCBuildConfiguration;
			buildSettings = {
				ASSETCATALOG_COMPILER_APPICON_NAME = AppIcon;
				ASSETCATALOG_COMPILER_GLOBAL_ACCENT_COLOR_NAME = AccentColor;
				CODE_SIGN_STYLE = Automatic;
				DEVELOPMENT_TEAM = M3KLKPU5J9;
				INFOPLIST_FILE = AutoParking/Info.plist;
				IPHONEOS_DEPLOYMENT_TARGET = 13.6;
				LD_RUNPATH_SEARCH_PATHS = (
					"$(inherited)",
					"@executable_path/Frameworks",
				);
				PRODUCT_BUNDLE_IDENTIFIER = ru.koshmart.AutoParking;
				PRODUCT_NAME = "$(TARGET_NAME)";
				SWIFT_VERSION = 5.0;
				TARGETED_DEVICE_FAMILY = "1,2";
			};
			name = Release;
		};
/* End XCBuildConfiguration section */

/* Begin XCConfigurationList section */
		F9F5576A257789E400CA0DAE /* Build configuration list for PBXProject "AutoParking" */ = {
			isa = XCConfigurationList;
			buildConfigurations = (
				F9F55784257789E600CA0DAE /* Debug */,
				F9F55785257789E600CA0DAE /* Release */,
			);
			defaultConfigurationIsVisible = 0;
			defaultConfigurationName = Release;
		};
		F9F55786257789E600CA0DAE /* Build configuration list for PBXNativeTarget "AutoParking" */ = {
			isa = XCConfigurationList;
			buildConfigurations = (
				F9F55787257789E600CA0DAE /* Debug */,
				F9F55788257789E600CA0DAE /* Release */,
			);
			defaultConfigurationIsVisible = 0;
			defaultConfigurationName = Release;
		};
/* End XCConfigurationList section */

/* Begin XCVersionGroup section */
		F9F5577B257789E400CA0DAE /* AutoParking.xcdatamodeld */ = {
			isa = XCVersionGroup;
			children = (
				F9F5577C257789E400CA0DAE /* AutoParking.xcdatamodel */,
			);
			currentVersion = F9F5577C257789E400CA0DAE /* AutoParking.xcdatamodel */;
			path = AutoParking.xcdatamodeld;
			sourceTree = "<group>";
			versionGroupType = wrapper.xcdatamodel;
		};
/* End XCVersionGroup section */
	};
	rootObject = F9F55767257789E400CA0DAE /* Project object */;
}
